// !$*UTF8*$!
{
	archiveVersion = 1;
	classes = {
	};
	objectVersion = 46;
	objects = {

/* Begin PBXBuildFile section */
		1D0A92DD1E1A37F0006B657D /* main.m in Sources */ = {isa = PBXBuildFile; fileRef = 1D0A92DC1E1A37F0006B657D /* main.m */; };
		1D0A92E01E1A37F0006B657D /* AppDelegate.m in Sources */ = {isa = PBXBuildFile; fileRef = 1D0A92DF1E1A37F0006B657D /* AppDelegate.m */; };
		1D0A92E31E1A37F0006B657D /* ViewController.m in Sources */ = {isa = PBXBuildFile; fileRef = 1D0A92E21E1A37F0006B657D /* ViewController.m */; };
		1D0A92E61E1A37F0006B657D /* Main.storyboard in Resources */ = {isa = PBXBuildFile; fileRef = 1D0A92E41E1A37F0006B657D /* Main.storyboard */; };
		1D0A92E81E1A37F0006B657D /* Assets.xcassets in Resources */ = {isa = PBXBuildFile; fileRef = 1D0A92E71E1A37F0006B657D /* Assets.xcassets */; };
		1D0A92EB1E1A37F0006B657D /* LaunchScreen.storyboard in Resources */ = {isa = PBXBuildFile; fileRef = 1D0A92E91E1A37F0006B657D /* LaunchScreen.storyboard */; };
		1D0A92F61E1A37F0006B657D /* CoffeeFriendsTests.m in Sources */ = {isa = PBXBuildFile; fileRef = 1D0A92F51E1A37F0006B657D /* CoffeeFriendsTests.m */; };
		1D0A93011E1A37F0006B657D /* CoffeeFriendsUITests.m in Sources */ = {isa = PBXBuildFile; fileRef = 1D0A93001E1A37F0006B657D /* CoffeeFriendsUITests.m */; };
		1D0A93151E1A4D8B006B657D /* MobileCoreServices.framework in Frameworks */ = {isa = PBXBuildFile; fileRef = 1D0A93141E1A4D8B006B657D /* MobileCoreServices.framework */; };
		1D0A93171E1A4D92006B657D /* CFNetwork.framework in Frameworks */ = {isa = PBXBuildFile; fileRef = 1D0A93161E1A4D92006B657D /* CFNetwork.framework */; };
		1D0A93191E1A4DB1006B657D /* libstdc++.6.0.9.tbd in Frameworks */ = {isa = PBXBuildFile; fileRef = 1D0A93181E1A4DB1006B657D /* libstdc++.6.0.9.tbd */; };
		1D0A931B1E1A4DCE006B657D /* libsqlite3.tbd in Frameworks */ = {isa = PBXBuildFile; fileRef = 1D0A931A1E1A4DCE006B657D /* libsqlite3.tbd */; };
		1D0A931D1E1A4DDA006B657D /* libxml2.tbd in Frameworks */ = {isa = PBXBuildFile; fileRef = 1D0A931C1E1A4DDA006B657D /* libxml2.tbd */; };
		1D0A931F1E1A4DE6006B657D /* libiconv.tbd in Frameworks */ = {isa = PBXBuildFile; fileRef = 1D0A931E1E1A4DE6006B657D /* libiconv.tbd */; };
		1D0A93211E1A4DF3006B657D /* libz.tbd in Frameworks */ = {isa = PBXBuildFile; fileRef = 1D0A93201E1A4DF3006B657D /* libz.tbd */; };
		1D0A93231E1A4DFC006B657D /* libresolv.tbd in Frameworks */ = {isa = PBXBuildFile; fileRef = 1D0A93221E1A4DFC006B657D /* libresolv.tbd */; };
/* End PBXBuildFile section */

/* Begin PBXContainerItemProxy section */
		1D0A92F21E1A37F0006B657D /* PBXContainerItemProxy */ = {
			isa = PBXContainerItemProxy;
			containerPortal = 1D0A92D01E1A37F0006B657D /* Project object */;
			proxyType = 1;
			remoteGlobalIDString = 1D0A92D71E1A37F0006B657D;
			remoteInfo = CoffeeFriends;
		};
		1D0A92FD1E1A37F0006B657D /* PBXContainerItemProxy */ = {
			isa = PBXContainerItemProxy;
			containerPortal = 1D0A92D01E1A37F0006B657D /* Project object */;
			proxyType = 1;
			remoteGlobalIDString = 1D0A92D71E1A37F0006B657D;
			remoteInfo = CoffeeFriends;
		};
/* End PBXContainerItemProxy section */

/* Begin PBXFileReference section */
		1D0A92D81E1A37F0006B657D /* CoffeeFriends.app */ = {isa = PBXFileReference; explicitFileType = wrapper.application; includeInIndex = 0; path = CoffeeFriends.app; sourceTree = BUILT_PRODUCTS_DIR; };
		1D0A92DC1E1A37F0006B657D /* main.m */ = {isa = PBXFileReference; lastKnownFileType = sourcecode.c.objc; path = main.m; sourceTree = "<group>"; };
		1D0A92DE1E1A37F0006B657D /* AppDelegate.h */ = {isa = PBXFileReference; lastKnownFileType = sourcecode.c.h; path = AppDelegate.h; sourceTree = "<group>"; };
		1D0A92DF1E1A37F0006B657D /* AppDelegate.m */ = {isa = PBXFileReference; lastKnownFileType = sourcecode.c.objc; path = AppDelegate.m; sourceTree = "<group>"; };
		1D0A92E11E1A37F0006B657D /* ViewController.h */ = {isa = PBXFileReference; lastKnownFileType = sourcecode.c.h; path = ViewController.h; sourceTree = "<group>"; };
		1D0A92E21E1A37F0006B657D /* ViewController.m */ = {isa = PBXFileReference; lastKnownFileType = sourcecode.c.objc; path = ViewController.m; sourceTree = "<group>"; };
		1D0A92E51E1A37F0006B657D /* Base */ = {isa = PBXFileReference; lastKnownFileType = file.storyboard; name = Base; path = Base.lproj/Main.storyboard; sourceTree = "<group>"; };
		1D0A92E71E1A37F0006B657D /* Assets.xcassets */ = {isa = PBXFileReference; lastKnownFileType = folder.assetcatalog; path = Assets.xcassets; sourceTree = "<group>"; };
		1D0A92EA1E1A37F0006B657D /* Base */ = {isa = PBXFileReference; lastKnownFileType = file.storyboard; name = Base; path = Base.lproj/LaunchScreen.storyboard; sourceTree = "<group>"; };
		1D0A92EC1E1A37F0006B657D /* Info.plist */ = {isa = PBXFileReference; lastKnownFileType = text.plist.xml; path = Info.plist; sourceTree = "<group>"; };
		1D0A92F11E1A37F0006B657D /* CoffeeFriendsTests.xctest */ = {isa = PBXFileReference; explicitFileType = wrapper.cfbundle; includeInIndex = 0; path = CoffeeFriendsTests.xctest; sourceTree = BUILT_PRODUCTS_DIR; };
		1D0A92F51E1A37F0006B657D /* CoffeeFriendsTests.m */ = {isa = PBXFileReference; lastKnownFileType = sourcecode.c.objc; path = CoffeeFriendsTests.m; sourceTree = "<group>"; };
		1D0A92F71E1A37F0006B657D /* Info.plist */ = {isa = PBXFileReference; lastKnownFileType = text.plist.xml; path = Info.plist; sourceTree = "<group>"; };
		1D0A92FC1E1A37F0006B657D /* CoffeeFriendsUITests.xctest */ = {isa = PBXFileReference; explicitFileType = wrapper.cfbundle; includeInIndex = 0; path = CoffeeFriendsUITests.xctest; sourceTree = BUILT_PRODUCTS_DIR; };
		1D0A93001E1A37F0006B657D /* CoffeeFriendsUITests.m */ = {isa = PBXFileReference; lastKnownFileType = sourcecode.c.objc; path = CoffeeFriendsUITests.m; sourceTree = "<group>"; };
		1D0A93021E1A37F0006B657D /* Info.plist */ = {isa = PBXFileReference; lastKnownFileType = text.plist.xml; path = Info.plist; sourceTree = "<group>"; };
		1D0A93111E1A4230006B657D /* CoffeeFriends.pch */ = {isa = PBXFileReference; fileEncoding = 4; lastKnownFileType = sourcecode.c.h; path = CoffeeFriends.pch; sourceTree = "<group>"; };
		1D0A93121E1A446D006B657D /* PublicMacro.pch */ = {isa = PBXFileReference; fileEncoding = 4; lastKnownFileType = sourcecode.c.h; path = PublicMacro.pch; sourceTree = "<group>"; };
		1D0A93141E1A4D8B006B657D /* MobileCoreServices.framework */ = {isa = PBXFileReference; lastKnownFileType = wrapper.framework; name = MobileCoreServices.framework; path = System/Library/Frameworks/MobileCoreServices.framework; sourceTree = SDKROOT; };
		1D0A93161E1A4D92006B657D /* CFNetwork.framework */ = {isa = PBXFileReference; lastKnownFileType = wrapper.framework; name = CFNetwork.framework; path = System/Library/Frameworks/CFNetwork.framework; sourceTree = SDKROOT; };
		1D0A93181E1A4DB1006B657D /* libstdc++.6.0.9.tbd */ = {isa = PBXFileReference; lastKnownFileType = "sourcecode.text-based-dylib-definition"; name = "libstdc++.6.0.9.tbd"; path = "usr/lib/libstdc++.6.0.9.tbd"; sourceTree = SDKROOT; };
		1D0A931A1E1A4DCE006B657D /* libsqlite3.tbd */ = {isa = PBXFileReference; lastKnownFileType = "sourcecode.text-based-dylib-definition"; name = libsqlite3.tbd; path = usr/lib/libsqlite3.tbd; sourceTree = SDKROOT; };
		1D0A931C1E1A4DDA006B657D /* libxml2.tbd */ = {isa = PBXFileReference; lastKnownFileType = "sourcecode.text-based-dylib-definition"; name = libxml2.tbd; path = usr/lib/libxml2.tbd; sourceTree = SDKROOT; };
		1D0A931E1E1A4DE6006B657D /* libiconv.tbd */ = {isa = PBXFileReference; lastKnownFileType = "sourcecode.text-based-dylib-definition"; name = libiconv.tbd; path = usr/lib/libiconv.tbd; sourceTree = SDKROOT; };
		1D0A93201E1A4DF3006B657D /* libz.tbd */ = {isa = PBXFileReference; lastKnownFileType = "sourcecode.text-based-dylib-definition"; name = libz.tbd; path = usr/lib/libz.tbd; sourceTree = SDKROOT; };
		1D0A93221E1A4DFC006B657D /* libresolv.tbd */ = {isa = PBXFileReference; lastKnownFileType = "sourcecode.text-based-dylib-definition"; name = libresolv.tbd; path = usr/lib/libresolv.tbd; sourceTree = SDKROOT; };
/* End PBXFileReference section */

/* Begin PBXFrameworksBuildPhase section */
		1D0A92D51E1A37F0006B657D /* Frameworks */ = {
			isa = PBXFrameworksBuildPhase;
			buildActionMask = 2147483647;
			files = (
				1D0A93231E1A4DFC006B657D /* libresolv.tbd in Frameworks */,
				1D0A93211E1A4DF3006B657D /* libz.tbd in Frameworks */,
				1D0A931F1E1A4DE6006B657D /* libiconv.tbd in Frameworks */,
				1D0A931D1E1A4DDA006B657D /* libxml2.tbd in Frameworks */,
				1D0A931B1E1A4DCE006B657D /* libsqlite3.tbd in Frameworks */,
				1D0A93191E1A4DB1006B657D /* libstdc++.6.0.9.tbd in Frameworks */,
				1D0A93171E1A4D92006B657D /* CFNetwork.framework in Frameworks */,
				1D0A93151E1A4D8B006B657D /* MobileCoreServices.framework in Frameworks */,
			);
			runOnlyForDeploymentPostprocessing = 0;
		};
		1D0A92EE1E1A37F0006B657D /* Frameworks */ = {
			isa = PBXFrameworksBuildPhase;
			buildActionMask = 2147483647;
			files = (
			);
			runOnlyForDeploymentPostprocessing = 0;
		};
		1D0A92F91E1A37F0006B657D /* Frameworks */ = {
			isa = PBXFrameworksBuildPhase;
			buildActionMask = 2147483647;
			files = (
			);
			runOnlyForDeploymentPostprocessing = 0;
		};
/* End PBXFrameworksBuildPhase section */

/* Begin PBXGroup section */
		1D0A92CF1E1A37F0006B657D = {
			isa = PBXGroup;
			children = (
				1D0A92DA1E1A37F0006B657D /* CoffeeFriends */,
				1D0A92F41E1A37F0006B657D /* CoffeeFriendsTests */,
				1D0A92FF1E1A37F0006B657D /* CoffeeFriendsUITests */,
				1D0A92D91E1A37F0006B657D /* Products */,
				1D0A93131E1A4D8B006B657D /* Frameworks */,
			);
			sourceTree = "<group>";
		};
		1D0A92D91E1A37F0006B657D /* Products */ = {
			isa = PBXGroup;
			children = (
				1D0A92D81E1A37F0006B657D /* CoffeeFriends.app */,
				1D0A92F11E1A37F0006B657D /* CoffeeFriendsTests.xctest */,
				1D0A92FC1E1A37F0006B657D /* CoffeeFriendsUITests.xctest */,
			);
			name = Products;
			sourceTree = "<group>";
		};
		1D0A92DA1E1A37F0006B657D /* CoffeeFriends */ = {
			isa = PBXGroup;
			children = (
				1D0A930E1E1A415F006B657D /* Classes */,
				1D0A930F1E1A415F006B657D /* Public */,
				1D0A93101E1A415F006B657D /* resoures */,
				1D0A92DE1E1A37F0006B657D /* AppDelegate.h */,
				1D0A92DF1E1A37F0006B657D /* AppDelegate.m */,
				1D0A92E11E1A37F0006B657D /* ViewController.h */,
				1D0A92E21E1A37F0006B657D /* ViewController.m */,
				1D0A92E41E1A37F0006B657D /* Main.storyboard */,
				1D0A92E71E1A37F0006B657D /* Assets.xcassets */,
				1D0A92E91E1A37F0006B657D /* LaunchScreen.storyboard */,
				1D0A92EC1E1A37F0006B657D /* Info.plist */,
				1D0A92DB1E1A37F0006B657D /* Supporting Files */,
			);
			path = CoffeeFriends;
			sourceTree = "<group>";
		};
		1D0A92DB1E1A37F0006B657D /* Supporting Files */ = {
			isa = PBXGroup;
			children = (
				1D0A92DC1E1A37F0006B657D /* main.m */,
			);
			name = "Supporting Files";
			sourceTree = "<group>";
		};
		1D0A92F41E1A37F0006B657D /* CoffeeFriendsTests */ = {
			isa = PBXGroup;
			children = (
				1D0A92F51E1A37F0006B657D /* CoffeeFriendsTests.m */,
				1D0A92F71E1A37F0006B657D /* Info.plist */,
			);
			path = CoffeeFriendsTests;
			sourceTree = "<group>";
		};
		1D0A92FF1E1A37F0006B657D /* CoffeeFriendsUITests */ = {
			isa = PBXGroup;
			children = (
				1D0A93001E1A37F0006B657D /* CoffeeFriendsUITests.m */,
				1D0A93021E1A37F0006B657D /* Info.plist */,
			);
			path = CoffeeFriendsUITests;
			sourceTree = "<group>";
		};
		1D0A930E1E1A415F006B657D /* Classes */ = {
			isa = PBXGroup;
			children = (
			);
			path = Classes;
			sourceTree = "<group>";
		};
		1D0A930F1E1A415F006B657D /* Public */ = {
			isa = PBXGroup;
			children = (
				1D0A93111E1A4230006B657D /* CoffeeFriends.pch */,
				1D0A93121E1A446D006B657D /* PublicMacro.pch */,
			);
			path = Public;
			sourceTree = "<group>";
		};
		1D0A93101E1A415F006B657D /* resoures */ = {
			isa = PBXGroup;
			children = (
			);
			path = resoures;
			sourceTree = "<group>";
		};
		1D0A93131E1A4D8B006B657D /* Frameworks */ = {
			isa = PBXGroup;
			children = (
				1D0A93221E1A4DFC006B657D /* libresolv.tbd */,
				1D0A93201E1A4DF3006B657D /* libz.tbd */,
				1D0A931E1E1A4DE6006B657D /* libiconv.tbd */,
				1D0A931C1E1A4DDA006B657D /* libxml2.tbd */,
				1D0A931A1E1A4DCE006B657D /* libsqlite3.tbd */,
				1D0A93181E1A4DB1006B657D /* libstdc++.6.0.9.tbd */,
				1D0A93161E1A4D92006B657D /* CFNetwork.framework */,
				1D0A93141E1A4D8B006B657D /* MobileCoreServices.framework */,
			);
			name = Frameworks;
			sourceTree = "<group>";
		};
/* End PBXGroup section */

/* Begin PBXNativeTarget section */
		1D0A92D71E1A37F0006B657D /* CoffeeFriends */ = {
			isa = PBXNativeTarget;
			buildConfigurationList = 1D0A93051E1A37F0006B657D /* Build configuration list for PBXNativeTarget "CoffeeFriends" */;
			buildPhases = (
				1D0A92D41E1A37F0006B657D /* Sources */,
				1D0A92D51E1A37F0006B657D /* Frameworks */,
				1D0A92D61E1A37F0006B657D /* Resources */,
			);
			buildRules = (
			);
			dependencies = (
			);
			name = CoffeeFriends;
			productName = CoffeeFriends;
			productReference = 1D0A92D81E1A37F0006B657D /* CoffeeFriends.app */;
			productType = "com.apple.product-type.application";
		};
		1D0A92F01E1A37F0006B657D /* CoffeeFriendsTests */ = {
			isa = PBXNativeTarget;
			buildConfigurationList = 1D0A93081E1A37F0006B657D /* Build configuration list for PBXNativeTarget "CoffeeFriendsTests" */;
			buildPhases = (
				1D0A92ED1E1A37F0006B657D /* Sources */,
				1D0A92EE1E1A37F0006B657D /* Frameworks */,
				1D0A92EF1E1A37F0006B657D /* Resources */,
			);
			buildRules = (
			);
			dependencies = (
				1D0A92F31E1A37F0006B657D /* PBXTargetDependency */,
			);
			name = CoffeeFriendsTests;
			productName = CoffeeFriendsTests;
			productReference = 1D0A92F11E1A37F0006B657D /* CoffeeFriendsTests.xctest */;
			productType = "com.apple.product-type.bundle.unit-test";
		};
		1D0A92FB1E1A37F0006B657D /* CoffeeFriendsUITests */ = {
			isa = PBXNativeTarget;
			buildConfigurationList = 1D0A930B1E1A37F0006B657D /* Build configuration list for PBXNativeTarget "CoffeeFriendsUITests" */;
			buildPhases = (
				1D0A92F81E1A37F0006B657D /* Sources */,
				1D0A92F91E1A37F0006B657D /* Frameworks */,
				1D0A92FA1E1A37F0006B657D /* Resources */,
			);
			buildRules = (
			);
			dependencies = (
				1D0A92FE1E1A37F0006B657D /* PBXTargetDependency */,
			);
			name = CoffeeFriendsUITests;
			productName = CoffeeFriendsUITests;
			productReference = 1D0A92FC1E1A37F0006B657D /* CoffeeFriendsUITests.xctest */;
			productType = "com.apple.product-type.bundle.ui-testing";
		};
/* End PBXNativeTarget section */

/* Begin PBXProject section */
		1D0A92D01E1A37F0006B657D /* Project object */ = {
			isa = PBXProject;
			attributes = {
				LastUpgradeCheck = 0810;
				ORGANIZATIONNAME = CFC;
				TargetAttributes = {
					1D0A92D71E1A37F0006B657D = {
						CreatedOnToolsVersion = 8.1;
						ProvisioningStyle = Automatic;
					};
					1D0A92F01E1A37F0006B657D = {
						CreatedOnToolsVersion = 8.1;
						ProvisioningStyle = Automatic;
						TestTargetID = 1D0A92D71E1A37F0006B657D;
					};
					1D0A92FB1E1A37F0006B657D = {
						CreatedOnToolsVersion = 8.1;
						ProvisioningStyle = Automatic;
						TestTargetID = 1D0A92D71E1A37F0006B657D;
					};
				};
			};
			buildConfigurationList = 1D0A92D31E1A37F0006B657D /* Build configuration list for PBXProject "CoffeeFriends" */;
			compatibilityVersion = "Xcode 3.2";
			developmentRegion = English;
			hasScannedForEncodings = 0;
			knownRegions = (
				en,
				Base,
			);
			mainGroup = 1D0A92CF1E1A37F0006B657D;
			productRefGroup = 1D0A92D91E1A37F0006B657D /* Products */;
			projectDirPath = "";
			projectRoot = "";
			targets = (
				1D0A92D71E1A37F0006B657D /* CoffeeFriends */,
				1D0A92F01E1A37F0006B657D /* CoffeeFriendsTests */,
				1D0A92FB1E1A37F0006B657D /* CoffeeFriendsUITests */,
			);
		};
/* End PBXProject section */

/* Begin PBXResourcesBuildPhase section */
		1D0A92D61E1A37F0006B657D /* Resources */ = {
			isa = PBXResourcesBuildPhase;
			buildActionMask = 2147483647;
			files = (
				1D0A92EB1E1A37F0006B657D /* LaunchScreen.storyboard in Resources */,
				1D0A92E81E1A37F0006B657D /* Assets.xcassets in Resources */,
				1D0A92E61E1A37F0006B657D /* Main.storyboard in Resources */,
			);
			runOnlyForDeploymentPostprocessing = 0;
		};
		1D0A92EF1E1A37F0006B657D /* Resources */ = {
			isa = PBXResourcesBuildPhase;
			buildActionMask = 2147483647;
			files = (
			);
			runOnlyForDeploymentPostprocessing = 0;
		};
		1D0A92FA1E1A37F0006B657D /* Resources */ = {
			isa = PBXResourcesBuildPhase;
			buildActionMask = 2147483647;
			files = (
			);
			runOnlyForDeploymentPostprocessing = 0;
		};
/* End PBXResourcesBuildPhase section */

/* Begin PBXSourcesBuildPhase section */
		1D0A92D41E1A37F0006B657D /* Sources */ = {
			isa = PBXSourcesBuildPhase;
			buildActionMask = 2147483647;
			files = (
				1D0A92E31E1A37F0006B657D /* ViewController.m in Sources */,
				1D0A92E01E1A37F0006B657D /* AppDelegate.m in Sources */,
				1D0A92DD1E1A37F0006B657D /* main.m in Sources */,
			);
			runOnlyForDeploymentPostprocessing = 0;
		};
		1D0A92ED1E1A37F0006B657D /* Sources */ = {
			isa = PBXSourcesBuildPhase;
			buildActionMask = 2147483647;
			files = (
				1D0A92F61E1A37F0006B657D /* CoffeeFriendsTests.m in Sources */,
			);
			runOnlyForDeploymentPostprocessing = 0;
		};
		1D0A92F81E1A37F0006B657D /* Sources */ = {
			isa = PBXSourcesBuildPhase;
			buildActionMask = 2147483647;
			files = (
				1D0A93011E1A37F0006B657D /* CoffeeFriendsUITests.m in Sources */,
			);
			runOnlyForDeploymentPostprocessing = 0;
		};
/* End PBXSourcesBuildPhase section */

/* Begin PBXTargetDependency section */
		1D0A92F31E1A37F0006B657D /* PBXTargetDependency */ = {
			isa = PBXTargetDependency;
			target = 1D0A92D71E1A37F0006B657D /* CoffeeFriends */;
			targetProxy = 1D0A92F21E1A37F0006B657D /* PBXContainerItemProxy */;
		};
		1D0A92FE1E1A37F0006B657D /* PBXTargetDependency */ = {
			isa = PBXTargetDependency;
			target = 1D0A92D71E1A37F0006B657D /* CoffeeFriends */;
			targetProxy = 1D0A92FD1E1A37F0006B657D /* PBXContainerItemProxy */;
		};
/* End PBXTargetDependency section */

/* Begin PBXVariantGroup section */
		1D0A92E41E1A37F0006B657D /* Main.storyboard */ = {
			isa = PBXVariantGroup;
			children = (
				1D0A92E51E1A37F0006B657D /* Base */,
			);
			name = Main.storyboard;
			sourceTree = "<group>";
		};
		1D0A92E91E1A37F0006B657D /* LaunchScreen.storyboard */ = {
			isa = PBXVariantGroup;
			children = (
				1D0A92EA1E1A37F0006B657D /* Base */,
			);
			name = LaunchScreen.storyboard;
			sourceTree = "<group>";
		};
/* End PBXVariantGroup section */

/* Begin XCBuildConfiguration section */
		1D0A93031E1A37F0006B657D /* Debug */ = {
			isa = XCBuildConfiguration;
			buildSettings = {
				ALWAYS_SEARCH_USER_PATHS = NO;
				CLANG_ANALYZER_NONNULL = YES;
				CLANG_CXX_LANGUAGE_STANDARD = "gnu++0x";
				CLANG_CXX_LIBRARY = "libc++";
				CLANG_ENABLE_MODULES = YES;
				CLANG_ENABLE_OBJC_ARC = YES;
				CLANG_WARN_BOOL_CONVERSION = YES;
				CLANG_WARN_CONSTANT_CONVERSION = YES;
				CLANG_WARN_DIRECT_OBJC_ISA_USAGE = YES_ERROR;
				CLANG_WARN_DOCUMENTATION_COMMENTS = YES;
				CLANG_WARN_EMPTY_BODY = YES;
				CLANG_WARN_ENUM_CONVERSION = YES;
				CLANG_WARN_INFINITE_RECURSION = YES;
				CLANG_WARN_INT_CONVERSION = YES;
				CLANG_WARN_OBJC_ROOT_CLASS = YES_ERROR;
				CLANG_WARN_SUSPICIOUS_MOVES = YES;
				CLANG_WARN_UNREACHABLE_CODE = YES;
				CLANG_WARN__DUPLICATE_METHOD_MATCH = YES;
				"CODE_SIGN_IDENTITY[sdk=iphoneos*]" = "iPhone Developer";
				COPY_PHASE_STRIP = NO;
				DEBUG_INFORMATION_FORMAT = dwarf;
				ENABLE_STRICT_OBJC_MSGSEND = YES;
				ENABLE_TESTABILITY = YES;
				GCC_C_LANGUAGE_STANDARD = gnu99;
				GCC_DYNAMIC_NO_PIC = NO;
				GCC_NO_COMMON_BLOCKS = YES;
				GCC_OPTIMIZATION_LEVEL = 0;
				GCC_PREPROCESSOR_DEFINITIONS = (
					"DEBUG=1",
					"$(inherited)",
				);
				GCC_WARN_64_TO_32_BIT_CONVERSION = YES;
				GCC_WARN_ABOUT_RETURN_TYPE = YES_ERROR;
				GCC_WARN_UNDECLARED_SELECTOR = YES;
				GCC_WARN_UNINITIALIZED_AUTOS = YES_AGGRESSIVE;
				GCC_WARN_UNUSED_FUNCTION = YES;
				GCC_WARN_UNUSED_VARIABLE = YES;
				IPHONEOS_DEPLOYMENT_TARGET = 10.1;
				MTL_ENABLE_DEBUG_INFO = YES;
				ONLY_ACTIVE_ARCH = YES;
				SDKROOT = iphoneos;
			};
			name = Debug;
		};
		1D0A93041E1A37F0006B657D /* Release */ = {
			isa = XCBuildConfiguration;
			buildSettings = {
				ALWAYS_SEARCH_USER_PATHS = NO;
				CLANG_ANALYZER_NONNULL = YES;
				CLANG_CXX_LANGUAGE_STANDARD = "gnu++0x";
				CLANG_CXX_LIBRARY = "libc++";
				CLANG_ENABLE_MODULES = YES;
				CLANG_ENABLE_OBJC_ARC = YES;
				CLANG_WARN_BOOL_CONVERSION = YES;
				CLANG_WARN_CONSTANT_CONVERSION = YES;
				CLANG_WARN_DIRECT_OBJC_ISA_USAGE = YES_ERROR;
				CLANG_WARN_DOCUMENTATION_COMMENTS = YES;
				CLANG_WARN_EMPTY_BODY = YES;
				CLANG_WARN_ENUM_CONVERSION = YES;
				CLANG_WARN_INFINITE_RECURSION = YES;
				CLANG_WARN_INT_CONVERSION = YES;
				CLANG_WARN_OBJC_ROOT_CLASS = YES_ERROR;
				CLANG_WARN_SUSPICIOUS_MOVES = YES;
				CLANG_WARN_UNREACHABLE_CODE = YES;
				CLANG_WARN__DUPLICATE_METHOD_MATCH = YES;
				"CODE_SIGN_IDENTITY[sdk=iphoneos*]" = "iPhone Developer";
				COPY_PHASE_STRIP = NO;
				DEBUG_INFORMATION_FORMAT = "dwarf-with-dsym";
				ENABLE_NS_ASSERTIONS = NO;
				ENABLE_STRICT_OBJC_MSGSEND = YES;
				GCC_C_LANGUAGE_STANDARD = gnu99;
				GCC_NO_COMMON_BLOCKS = YES;
				GCC_WARN_64_TO_32_BIT_CONVERSION = YES;
				GCC_WARN_ABOUT_RETURN_TYPE = YES_ERROR;
				GCC_WARN_UNDECLARED_SELECTOR = YES;
				GCC_WARN_UNINITIALIZED_AUTOS = YES_AGGRESSIVE;
				GCC_WARN_UNUSED_FUNCTION = YES;
				GCC_WARN_UNUSED_VARIABLE = YES;
				IPHONEOS_DEPLOYMENT_TARGET = 10.1;
				MTL_ENABLE_DEBUG_INFO = NO;
				SDKROOT = iphoneos;
				VALIDATE_PRODUCT = YES;
			};
			name = Release;
		};
		1D0A93061E1A37F0006B657D /* Debug */ = {
			isa = XCBuildConfiguration;
			buildSettings = {
				ASSETCATALOG_COMPILER_APPICON_NAME = AppIcon;
				INFOPLIST_FILE = CoffeeFriends/Info.plist;
				LD_RUNPATH_SEARCH_PATHS = "$(inherited) @executable_path/Frameworks";
				OTHER_LDFLAGS = "-ObjC";
				PRODUCT_BUNDLE_IDENTIFIER = CoffeeFriendsClub.CoffeeFriends;
				PRODUCT_NAME = "$(TARGET_NAME)";
			};
			name = Debug;
		};
		1D0A93071E1A37F0006B657D /* Release */ = {
			isa = XCBuildConfiguration;
			buildSettings = {
				ASSETCATALOG_COMPILER_APPICON_NAME = AppIcon;
				INFOPLIST_FILE = CoffeeFriends/Info.plist;
				LD_RUNPATH_SEARCH_PATHS = "$(inherited) @executable_path/Frameworks";
				OTHER_LDFLAGS = "-ObjC";
				PRODUCT_BUNDLE_IDENTIFIER = CoffeeFriendsClub.CoffeeFriends;
				PRODUCT_NAME = "$(TARGET_NAME)";
			};
			name = Release;
		};
		1D0A93091E1A37F0006B657D /* Debug */ = {
			isa = XCBuildConfiguration;
			buildSettings = {
				BUNDLE_LOADER = "$(TEST_HOST)";
				INFOPLIST_FILE = CoffeeFriendsTests/Info.plist;
				LD_RUNPATH_SEARCH_PATHS = "$(inherited) @executable_path/Frameworks @loader_path/Frameworks";
				PRODUCT_BUNDLE_IDENTIFIER = CoffeeFriendsClub.CoffeeFriendsTests;
				PRODUCT_NAME = "$(TARGET_NAME)";
				TEST_HOST = "$(BUILT_PRODUCTS_DIR)/CoffeeFriends.app/CoffeeFriends";
			};
			name = Debug;
		};
		1D0A930A1E1A37F0006B657D /* Release */ = {
			isa = XCBuildConfiguration;
			buildSettings = {
				BUNDLE_LOADER = "$(TEST_HOST)";
				INFOPLIST_FILE = CoffeeFriendsTests/Info.plist;
				LD_RUNPATH_SEARCH_PATHS = "$(inherited) @executable_path/Frameworks @loader_path/Frameworks";
				PRODUCT_BUNDLE_IDENTIFIER = CoffeeFriendsClub.CoffeeFriendsTests;
				PRODUCT_NAME = "$(TARGET_NAME)";
				TEST_HOST = "$(BUILT_PRODUCTS_DIR)/CoffeeFriends.app/CoffeeFriends";
			};
			name = Release;
		};
		1D0A930C1E1A37F0006B657D /* Debug */ = {
			isa = XCBuildConfiguration;
			buildSettings = {
				INFOPLIST_FILE = CoffeeFriendsUITests/Info.plist;
				LD_RUNPATH_SEARCH_PATHS = "$(inherited) @executable_path/Frameworks @loader_path/Frameworks";
				PRODUCT_BUNDLE_IDENTIFIER = CoffeeFriendsClub.CoffeeFriendsUITests;
				PRODUCT_NAME = "$(TARGET_NAME)";
				TEST_TARGET_NAME = CoffeeFriends;
			};
			name = Debug;
		};
		1D0A930D1E1A37F0006B657D /* Release */ = {
			isa = XCBuildConfiguration;
			buildSettings = {
				INFOPLIST_FILE = CoffeeFriendsUITests/Info.plist;
				LD_RUNPATH_SEARCH_PATHS = "$(inherited) @executable_path/Frameworks @loader_path/Frameworks";
				PRODUCT_BUNDLE_IDENTIFIER = CoffeeFriendsClub.CoffeeFriendsUITests;
				PRODUCT_NAME = "$(TARGET_NAME)";
				TEST_TARGET_NAME = CoffeeFriends;
			};
			name = Release;
		};
/* End XCBuildConfiguration section */

/* Begin XCConfigurationList section */
		1D0A92D31E1A37F0006B657D /* Build configuration list for PBXProject "CoffeeFriends" */ = {
			isa = XCConfigurationList;
			buildConfigurations = (
				1D0A93031E1A37F0006B657D /* Debug */,
				1D0A93041E1A37F0006B657D /* Release */,
			);
			defaultConfigurationIsVisible = 0;
			defaultConfigurationName = Release;
		};
		1D0A93051E1A37F0006B657D /* Build configuration list for PBXNativeTarget "CoffeeFriends" */ = {
			isa = XCConfigurationList;
			buildConfigurations = (
				1D0A93061E1A37F0006B657D /* Debug */,
				1D0A93071E1A37F0006B657D /* Release */,
			);
			defaultConfigurationIsVisible = 0;
			defaultConfigurationName = Release;
		};
		1D0A93081E1A37F0006B657D /* Build configuration list for PBXNativeTarget "CoffeeFriendsTests" */ = {
			isa = XCConfigurationList;
			buildConfigurations = (
				1D0A93091E1A37F0006B657D /* Debug */,
				1D0A930A1E1A37F0006B657D /* Release */,
			);
			defaultConfigurationIsVisible = 0;
			defaultConfigurationName = Release;
		};
		1D0A930B1E1A37F0006B657D /* Build configuration list for PBXNativeTarget "CoffeeFriendsUITests" */ = {
			isa = XCConfigurationList;
			buildConfigurations = (
				1D0A930C1E1A37F0006B657D /* Debug */,
				1D0A930D1E1A37F0006B657D /* Release */,
			);
			defaultConfigurationIsVisible = 0;
			defaultConfigurationName = Release;
		};
/* End XCConfigurationList section */
	};
	rootObject = 1D0A92D01E1A37F0006B657D /* Project object */;
}
